
Microsoft Visual Studio Solution File, Format Version 12.00
# Visual Studio Version 16
VisualStudioVersion = 16.0.31129.286
MinimumVisualStudioVersion = 10.0.40219.1
Project("{FAE04EC0-301F-11D3-BF4B-00C04F79EFBC}") = "BudgetPlanning_POE_Task2", "BudgetPlanning_POE_Task2\BudgetPlanning_POE_Task2.csproj", "{581D962C-158B-4CBF-AC44-2F5C0C38E1D9}"
EndProject
Global
	GlobalSection(SolutionConfigurationPlatforms) = preSolution
		Debug|Any CPU = Debug|Any CPU
		Release|Any CPU = Release|Any CPU
	EndGlobalSection
	GlobalSection(ProjectConfigurationPlatforms) = postSolution
		{581D962C-158B-4CBF-AC44-2F5C0C38E1D9}.Debug|Any CPU.ActiveCfg = Debug|Any CPU
		{581D962C-158B-4CBF-AC44-2F5C0C38E1D9}.Debug|Any CPU.Build.0 = Debug|Any CPU
		{581D962C-158B-4CBF-AC44-2F5C0C38E1D9}.Release|Any CPU.ActiveCfg = Release|Any CPU
		{581D962C-158B-4CBF-AC44-2F5C0C38E1D9}.Release|Any CPU.Build.0 = Release|Any CPU
	EndGlobalSection
	GlobalSection(SolutionProperties) = preSolution
		HideSolutionNode = FALSE
	EndGlobalSection
	GlobalSection(ExtensibilityGlobals) = postSolution
		SolutionGuid = {55B9A045-FE1D-455A-BCF9-6ABE1E76BBE6}
	EndGlobalSection
EndGlobal
